{
  "requires": true,
  "lockfileVersion": 1,
  "dependencies": {
    "coc-json": {
      "version": "1.2.5",
      "resolved": "https://registry.npmjs.org/coc-json/-/coc-json-1.2.5.tgz",
      "integrity": "sha512-j8EAdxXxKxc5zHwCzdGAcnXzDXjtfbL6fNb9QIlBi2CkMIoARFyU4uZsIkMoROTMPaffHDFyzyAW2UJpbIJ0WQ=="
    },
    "coc-tsserver": {
      "version": "1.5.1",
      "resolved": "https://registry.npmjs.org/coc-tsserver/-/coc-tsserver-1.5.1.tgz",
      "integrity": "sha512-33mkWOHgvB7hS/mfhCt4PfHAepnLQaTMvvsCWN3daks7yYnOdeMFplD5UORRRvvcJoOEdQBtXXu960I/Xe4MCg==",
      "requires": {
        "typescript": "3.8.3"
      }
    },
    "typescript": {
      "version": "3.8.3",
      "resolved": "https://registry.npmjs.org/typescript/-/typescript-3.8.3.tgz",
      "integrity": "sha512-MYlEfn5VrLNsgudQTVJeNaQFUAI7DkhnOjdpAp4T+ku1TfQClewlbSuTVHiA+8skNBgaf02TL/kLOvig4y3G8w=="
    }
  }
}
